// !$*UTF8*$!
{
	archiveVersion = 1;
	classes = {
	};
	objectVersion = 55;
	objects = {

/* Begin PBXBuildFile section */
		8999CD8027335E830051AE73 /* AppDelegate.swift in Sources */ = {isa = PBXBuildFile; fileRef = 8999CD7F27335E830051AE73 /* AppDelegate.swift */; };
		8999CD8227335E830051AE73 /* SceneDelegate.swift in Sources */ = {isa = PBXBuildFile; fileRef = 8999CD8127335E830051AE73 /* SceneDelegate.swift */; };
		8999CD8427335E830051AE73 /* ViewController.swift in Sources */ = {isa = PBXBuildFile; fileRef = 8999CD8327335E830051AE73 /* ViewController.swift */; };
		8999CD8727335E830051AE73 /* Main.storyboard in Resources */ = {isa = PBXBuildFile; fileRef = 8999CD8527335E830051AE73 /* Main.storyboard */; };
		8999CD8927335E840051AE73 /* Assets.xcassets in Resources */ = {isa = PBXBuildFile; fileRef = 8999CD8827335E840051AE73 /* Assets.xcassets */; };
		8999CD8C27335E840051AE73 /* LaunchScreen.storyboard in Resources */ = {isa = PBXBuildFile; fileRef = 8999CD8A27335E840051AE73 /* LaunchScreen.storyboard */; };
		8999CD9727335E850051AE73 /* TetrisTests.swift in Sources */ = {isa = PBXBuildFile; fileRef = 8999CD9627335E850051AE73 /* TetrisTests.swift */; };
		8999CDA127335E850051AE73 /* TetrisUITests.swift in Sources */ = {isa = PBXBuildFile; fileRef = 8999CDA027335E850051AE73 /* TetrisUITests.swift */; };
		8999CDA327335E850051AE73 /* TetrisUITestsLaunchTests.swift in Sources */ = {isa = PBXBuildFile; fileRef = 8999CDA227335E850051AE73 /* TetrisUITestsLaunchTests.swift */; };
		8999CDB6273394F20051AE73 /* Block.swift in Sources */ = {isa = PBXBuildFile; fileRef = 8999CDB5273394F20051AE73 /* Block.swift */; };
		8999CDB8273399FB0051AE73 /* GameConfig.swift in Sources */ = {isa = PBXBuildFile; fileRef = 8999CDB7273399FB0051AE73 /* GameConfig.swift */; };
		8999CDBA2733BB4A0051AE73 /* Game.swift in Sources */ = {isa = PBXBuildFile; fileRef = 8999CDB92733BB4A0051AE73 /* Game.swift */; };
		8999CDBC2733C8260051AE73 /* Board.swift in Sources */ = {isa = PBXBuildFile; fileRef = 8999CDBB2733C8260051AE73 /* Board.swift */; };
/* End PBXBuildFile section */

/* Begin PBXContainerItemProxy section */
		8999CD9327335E850051AE73 /* PBXContainerItemProxy */ = {
			isa = PBXContainerItemProxy;
			containerPortal = 8999CD7427335E830051AE73 /* Project object */;
			proxyType = 1;
			remoteGlobalIDString = 8999CD7B27335E830051AE73;
			remoteInfo = Tetris;
		};
		8999CD9D27335E850051AE73 /* PBXContainerItemProxy */ = {
			isa = PBXContainerItemProxy;
			containerPortal = 8999CD7427335E830051AE73 /* Project object */;
			proxyType = 1;
			remoteGlobalIDString = 8999CD7B27335E830051AE73;
			remoteInfo = Tetris;
		};
/* End PBXContainerItemProxy section */

/* Begin PBXFileReference section */
		8999CD7C27335E830051AE73 /* Tetris.app */ = {isa = PBXFileReference; explicitFileType = wrapper.application; includeInIndex = 0; path = Tetris.app; sourceTree = BUILT_PRODUCTS_DIR; };
		8999CD7F27335E830051AE73 /* AppDelegate.swift */ = {isa = PBXFileReference; lastKnownFileType = sourcecode.swift; path = AppDelegate.swift; sourceTree = "<group>"; };
		8999CD8127335E830051AE73 /* SceneDelegate.swift */ = {isa = PBXFileReference; lastKnownFileType = sourcecode.swift; path = SceneDelegate.swift; sourceTree = "<group>"; };
		8999CD8327335E830051AE73 /* ViewController.swift */ = {isa = PBXFileReference; lastKnownFileType = sourcecode.swift; path = ViewController.swift; sourceTree = "<group>"; };
		8999CD8627335E830051AE73 /* Base */ = {isa = PBXFileReference; lastKnownFileType = file.storyboard; name = Base; path = Base.lproj/Main.storyboard; sourceTree = "<group>"; };
		8999CD8827335E840051AE73 /* Assets.xcassets */ = {isa = PBXFileReference; lastKnownFileType = folder.assetcatalog; path = Assets.xcassets; sourceTree = "<group>"; };
		8999CD8B27335E840051AE73 /* Base */ = {isa = PBXFileReference; lastKnownFileType = file.storyboard; name = Base; path = Base.lproj/LaunchScreen.storyboard; sourceTree = "<group>"; };
		8999CD8D27335E840051AE73 /* Info.plist */ = {isa = PBXFileReference; lastKnownFileType = text.plist.xml; path = Info.plist; sourceTree = "<group>"; };
		8999CD9227335E850051AE73 /* TetrisTests.xctest */ = {isa = PBXFileReference; explicitFileType = wrapper.cfbundle; includeInIndex = 0; path = TetrisTests.xctest; sourceTree = BUILT_PRODUCTS_DIR; };
		8999CD9627335E850051AE73 /* TetrisTests.swift */ = {isa = PBXFileReference; lastKnownFileType = sourcecode.swift; path = TetrisTests.swift; sourceTree = "<group>"; };
		8999CD9C27335E850051AE73 /* TetrisUITests.xctest */ = {isa = PBXFileReference; explicitFileType = wrapper.cfbundle; includeInIndex = 0; path = TetrisUITests.xctest; sourceTree = BUILT_PRODUCTS_DIR; };
		8999CDA027335E850051AE73 /* TetrisUITests.swift */ = {isa = PBXFileReference; lastKnownFileType = sourcecode.swift; path = TetrisUITests.swift; sourceTree = "<group>"; };
		8999CDA227335E850051AE73 /* TetrisUITestsLaunchTests.swift */ = {isa = PBXFileReference; lastKnownFileType = sourcecode.swift; path = TetrisUITestsLaunchTests.swift; sourceTree = "<group>"; };
		8999CDB5273394F20051AE73 /* Block.swift */ = {isa = PBXFileReference; lastKnownFileType = sourcecode.swift; path = Block.swift; sourceTree = "<group>"; };
		8999CDB7273399FB0051AE73 /* GameConfig.swift */ = {isa = PBXFileReference; lastKnownFileType = sourcecode.swift; path = GameConfig.swift; sourceTree = "<group>"; };
		8999CDB92733BB4A0051AE73 /* Game.swift */ = {isa = PBXFileReference; lastKnownFileType = sourcecode.swift; path = Game.swift; sourceTree = "<group>"; };
		8999CDBB2733C8260051AE73 /* Board.swift */ = {isa = PBXFileReference; lastKnownFileType = sourcecode.swift; path = Board.swift; sourceTree = "<group>"; };
/* End PBXFileReference section */

/* Begin PBXFrameworksBuildPhase section */
		8999CD7927335E830051AE73 /* Frameworks */ = {
			isa = PBXFrameworksBuildPhase;
			buildActionMask = 2147483647;
			files = (
			);
			runOnlyForDeploymentPostprocessing = 0;
		};
		8999CD8F27335E850051AE73 /* Frameworks */ = {
			isa = PBXFrameworksBuildPhase;
			buildActionMask = 2147483647;
			files = (
			);
			runOnlyForDeploymentPostprocessing = 0;
		};
		8999CD9927335E850051AE73 /* Frameworks */ = {
			isa = PBXFrameworksBuildPhase;
			buildActionMask = 2147483647;
			files = (
			);
			runOnlyForDeploymentPostprocessing = 0;
		};
/* End PBXFrameworksBuildPhase section */

/* Begin PBXGroup section */
		8999CD7327335E830051AE73 = {
			isa = PBXGroup;
			children = (
				8999CD7E27335E830051AE73 /* Tetris */,
				8999CD9527335E850051AE73 /* TetrisTests */,
				8999CD9F27335E850051AE73 /* TetrisUITests */,
				8999CD7D27335E830051AE73 /* Products */,
			);
			sourceTree = "<group>";
		};
		8999CD7D27335E830051AE73 /* Products */ = {
			isa = PBXGroup;
			children = (
				8999CD7C27335E830051AE73 /* Tetris.app */,
				8999CD9227335E850051AE73 /* TetrisTests.xctest */,
				8999CD9C27335E850051AE73 /* TetrisUITests.xctest */,
			);
			name = Products;
			sourceTree = "<group>";
		};
		8999CD7E27335E830051AE73 /* Tetris */ = {
			isa = PBXGroup;
			children = (
				8999CD7F27335E830051AE73 /* AppDelegate.swift */,
				8999CD8127335E830051AE73 /* SceneDelegate.swift */,
				8999CDB7273399FB0051AE73 /* GameConfig.swift */,
				8999CDB92733BB4A0051AE73 /* Game.swift */,
				8999CDB5273394F20051AE73 /* Block.swift */,
				8999CDBB2733C8260051AE73 /* Board.swift */,
				8999CD8327335E830051AE73 /* ViewController.swift */,
				8999CD8527335E830051AE73 /* Main.storyboard */,
				8999CD8827335E840051AE73 /* Assets.xcassets */,
				8999CD8A27335E840051AE73 /* LaunchScreen.storyboard */,
				8999CD8D27335E840051AE73 /* Info.plist */,
			);
			path = Tetris;
			sourceTree = "<group>";
		};
		8999CD9527335E850051AE73 /* TetrisTests */ = {
			isa = PBXGroup;
			children = (
				8999CD9627335E850051AE73 /* TetrisTests.swift */,
			);
			path = TetrisTests;
			sourceTree = "<group>";
		};
		8999CD9F27335E850051AE73 /* TetrisUITests */ = {
			isa = PBXGroup;
			children = (
				8999CDA027335E850051AE73 /* TetrisUITests.swift */,
				8999CDA227335E850051AE73 /* TetrisUITestsLaunchTests.swift */,
			);
			path = TetrisUITests;
			sourceTree = "<group>";
		};
/* End PBXGroup section */

/* Begin PBXNativeTarget section */
		8999CD7B27335E830051AE73 /* Tetris */ = {
			isa = PBXNativeTarget;
			buildConfigurationList = 8999CDA627335E850051AE73 /* Build configuration list for PBXNativeTarget "Tetris" */;
			buildPhases = (
				8999CD7827335E830051AE73 /* Sources */,
				8999CD7927335E830051AE73 /* Frameworks */,
				8999CD7A27335E830051AE73 /* Resources */,
			);
			buildRules = (
			);
			dependencies = (
			);
			name = Tetris;
			productName = Tetris;
			productReference = 8999CD7C27335E830051AE73 /* Tetris.app */;
			productType = "com.apple.product-type.application";
		};
		8999CD9127335E850051AE73 /* TetrisTests */ = {
			isa = PBXNativeTarget;
			buildConfigurationList = 8999CDA927335E850051AE73 /* Build configuration list for PBXNativeTarget "TetrisTests" */;
			buildPhases = (
				8999CD8E27335E850051AE73 /* Sources */,
				8999CD8F27335E850051AE73 /* Frameworks */,
				8999CD9027335E850051AE73 /* Resources */,
			);
			buildRules = (
			);
			dependencies = (
				8999CD9427335E850051AE73 /* PBXTargetDependency */,
			);
			name = TetrisTests;
			productName = TetrisTests;
			productReference = 8999CD9227335E850051AE73 /* TetrisTests.xctest */;
			productType = "com.apple.product-type.bundle.unit-test";
		};
		8999CD9B27335E850051AE73 /* TetrisUITests */ = {
			isa = PBXNativeTarget;
			buildConfigurationList = 8999CDAC27335E850051AE73 /* Build configuration list for PBXNativeTarget "TetrisUITests" */;
			buildPhases = (
				8999CD9827335E850051AE73 /* Sources */,
				8999CD9927335E850051AE73 /* Frameworks */,
				8999CD9A27335E850051AE73 /* Resources */,
			);
			buildRules = (
			);
			dependencies = (
				8999CD9E27335E850051AE73 /* PBXTargetDependency */,
			);
			name = TetrisUITests;
			productName = TetrisUITests;
			productReference = 8999CD9C27335E850051AE73 /* TetrisUITests.xctest */;
			productType = "com.apple.product-type.bundle.ui-testing";
		};
/* End PBXNativeTarget section */

/* Begin PBXProject section */
		8999CD7427335E830051AE73 /* Project object */ = {
			isa = PBXProject;
			attributes = {
				BuildIndependentTargetsInParallel = 1;
				LastSwiftUpdateCheck = 1300;
				LastUpgradeCheck = 1300;
				TargetAttributes = {
					8999CD7B27335E830051AE73 = {
						CreatedOnToolsVersion = 13.0;
					};
					8999CD9127335E850051AE73 = {
						CreatedOnToolsVersion = 13.0;
						TestTargetID = 8999CD7B27335E830051AE73;
					};
					8999CD9B27335E850051AE73 = {
						CreatedOnToolsVersion = 13.0;
						TestTargetID = 8999CD7B27335E830051AE73;
					};
				};
			};
			buildConfigurationList = 8999CD7727335E830051AE73 /* Build configuration list for PBXProject "Tetris" */;
			compatibilityVersion = "Xcode 13.0";
			developmentRegion = en;
			hasScannedForEncodings = 0;
			knownRegions = (
				en,
				Base,
			);
			mainGroup = 8999CD7327335E830051AE73;
			productRefGroup = 8999CD7D27335E830051AE73 /* Products */;
			projectDirPath = "";
			projectRoot = "";
			targets = (
				8999CD7B27335E830051AE73 /* Tetris */,
				8999CD9127335E850051AE73 /* TetrisTests */,
				8999CD9B27335E850051AE73 /* TetrisUITests */,
			);
		};
/* End PBXProject section */

/* Begin PBXResourcesBuildPhase section */
		8999CD7A27335E830051AE73 /* Resources */ = {
			isa = PBXResourcesBuildPhase;
			buildActionMask = 2147483647;
			files = (
				8999CD8C27335E840051AE73 /* LaunchScreen.storyboard in Resources */,
				8999CD8927335E840051AE73 /* Assets.xcassets in Resources */,
				8999CD8727335E830051AE73 /* Main.storyboard in Resources */,
			);
			runOnlyForDeploymentPostprocessing = 0;
		};
		8999CD9027335E850051AE73 /* Resources */ = {
			isa = PBXResourcesBuildPhase;
			buildActionMask = 2147483647;
			files = (
			);
			runOnlyForDeploymentPostprocessing = 0;
		};
		8999CD9A27335E850051AE73 /* Resources */ = {
			isa = PBXResourcesBuildPhase;
			buildActionMask = 2147483647;
			files = (
			);
			runOnlyForDeploymentPostprocessing = 0;
		};
/* End PBXResourcesBuildPhase section */

/* Begin PBXSourcesBuildPhase section */
		8999CD7827335E830051AE73 /* Sources */ = {
			isa = PBXSourcesBuildPhase;
			buildActionMask = 2147483647;
			files = (
				8999CD8427335E830051AE73 /* ViewController.swift in Sources */,
				8999CDBA2733BB4A0051AE73 /* Game.swift in Sources */,
				8999CDB8273399FB0051AE73 /* GameConfig.swift in Sources */,
				8999CDB6273394F20051AE73 /* Block.swift in Sources */,
				8999CDBC2733C8260051AE73 /* Board.swift in Sources */,
				8999CD8027335E830051AE73 /* AppDelegate.swift in Sources */,
				8999CD8227335E830051AE73 /* SceneDelegate.swift in Sources */,
			);
			runOnlyForDeploymentPostprocessing = 0;
		};
		8999CD8E27335E850051AE73 /* Sources */ = {
			isa = PBXSourcesBuildPhase;
			buildActionMask = 2147483647;
			files = (
				8999CD9727335E850051AE73 /* TetrisTests.swift in Sources */,
			);
			runOnlyForDeploymentPostprocessing = 0;
		};
		8999CD9827335E850051AE73 /* Sources */ = {
			isa = PBXSourcesBuildPhase;
			buildActionMask = 2147483647;
			files = (
				8999CDA127335E850051AE73 /* TetrisUITests.swift in Sources */,
				8999CDA327335E850051AE73 /* TetrisUITestsLaunchTests.swift in Sources */,
			);
			runOnlyForDeploymentPostprocessing = 0;
		};
/* End PBXSourcesBuildPhase section */

/* Begin PBXTargetDependency section */
		8999CD9427335E850051AE73 /* PBXTargetDependency */ = {
			isa = PBXTargetDependency;
			target = 8999CD7B27335E830051AE73 /* Tetris */;
			targetProxy = 8999CD9327335E850051AE73 /* PBXContainerItemProxy */;
		};
		8999CD9E27335E850051AE73 /* PBXTargetDependency */ = {
			isa = PBXTargetDependency;
			target = 8999CD7B27335E830051AE73 /* Tetris */;
			targetProxy = 8999CD9D27335E850051AE73 /* PBXContainerItemProxy */;
		};
/* End PBXTargetDependency section */

/* Begin PBXVariantGroup section */
		8999CD8527335E830051AE73 /* Main.storyboard */ = {
			isa = PBXVariantGroup;
			children = (
				8999CD8627335E830051AE73 /* Base */,
			);
			name = Main.storyboard;
			sourceTree = "<group>";
		};
		8999CD8A27335E840051AE73 /* LaunchScreen.storyboard */ = {
			isa = PBXVariantGroup;
			children = (
				8999CD8B27335E840051AE73 /* Base */,
			);
			name = LaunchScreen.storyboard;
			sourceTree = "<group>";
		};
/* End PBXVariantGroup section */

/* Begin XCBuildConfiguration section */
		8999CDA427335E850051AE73 /* Debug */ = {
			isa = XCBuildConfiguration;
			buildSettings = {
				ALWAYS_SEARCH_USER_PATHS = NO;
				CLANG_ANALYZER_NONNULL = YES;
				CLANG_ANALYZER_NUMBER_OBJECT_CONVERSION = YES_AGGRESSIVE;
				CLANG_CXX_LANGUAGE_STANDARD = "gnu++17";
				CLANG_CXX_LIBRARY = "libc++";
				CLANG_ENABLE_MODULES = YES;
				CLANG_ENABLE_OBJC_ARC = YES;
				CLANG_ENABLE_OBJC_WEAK = YES;
				CLANG_WARN_BLOCK_CAPTURE_AUTORELEASING = YES;
				CLANG_WARN_BOOL_CONVERSION = YES;
				CLANG_WARN_COMMA = YES;
				CLANG_WARN_CONSTANT_CONVERSION = YES;
				CLANG_WARN_DEPRECATED_OBJC_IMPLEMENTATIONS = YES;
				CLANG_WARN_DIRECT_OBJC_ISA_USAGE = YES_ERROR;
				CLANG_WARN_DOCUMENTATION_COMMENTS = YES;
				CLANG_WARN_EMPTY_BODY = YES;
				CLANG_WARN_ENUM_CONVERSION = YES;
				CLANG_WARN_INFINITE_RECURSION = YES;
				CLANG_WARN_INT_CONVERSION = YES;
				CLANG_WARN_NON_LITERAL_NULL_CONVERSION = YES;
				CLANG_WARN_OBJC_IMPLICIT_RETAIN_SELF = YES;
				CLANG_WARN_OBJC_LITERAL_CONVERSION = YES;
				CLANG_WARN_OBJC_ROOT_CLASS = YES_ERROR;
				CLANG_WARN_QUOTED_INCLUDE_IN_FRAMEWORK_HEADER = YES;
				CLANG_WARN_RANGE_LOOP_ANALYSIS = YES;
				CLANG_WARN_STRICT_PROTOTYPES = YES;
				CLANG_WARN_SUSPICIOUS_MOVE = YES;
				CLANG_WARN_UNGUARDED_AVAILABILITY = YES_AGGRESSIVE;
				CLANG_WARN_UNREACHABLE_CODE = YES;
				CLANG_WARN__DUPLICATE_METHOD_MATCH = YES;
				COPY_PHASE_STRIP = NO;
				DEBUG_INFORMATION_FORMAT = dwarf;
				ENABLE_STRICT_OBJC_MSGSEND = YES;
				ENABLE_TESTABILITY = YES;
				GCC_C_LANGUAGE_STANDARD = gnu11;
				GCC_DYNAMIC_NO_PIC = NO;
				GCC_NO_COMMON_BLOCKS = YES;
				GCC_OPTIMIZATION_LEVEL = 0;
				GCC_PREPROCESSOR_DEFINITIONS = (
					"DEBUG=1",
					"$(inherited)",
				);
				GCC_WARN_64_TO_32_BIT_CONVERSION = YES;
				GCC_WARN_ABOUT_RETURN_TYPE = YES_ERROR;
				GCC_WARN_UNDECLARED_SELECTOR = YES;
				GCC_WARN_UNINITIALIZED_AUTOS = YES_AGGRESSIVE;
				GCC_WARN_UNUSED_FUNCTION = YES;
				GCC_WARN_UNUSED_VARIABLE = YES;
				IPHONEOS_DEPLOYMENT_TARGET = 15.0;
				MTL_ENABLE_DEBUG_INFO = INCLUDE_SOURCE;
				MTL_FAST_MATH = YES;
				ONLY_ACTIVE_ARCH = YES;
				SDKROOT = iphoneos;
				SWIFT_ACTIVE_COMPILATION_CONDITIONS = DEBUG;
				SWIFT_OPTIMIZATION_LEVEL = "-Onone";
			};
			name = Debug;
		};
		8999CDA527335E850051AE73 /* Release */ = {
			isa = XCBuildConfiguration;
			buildSettings = {
				ALWAYS_SEARCH_USER_PATHS = NO;
				CLANG_ANALYZER_NONNULL = YES;
				CLANG_ANALYZER_NUMBER_OBJECT_CONVERSION = YES_AGGRESSIVE;
				CLANG_CXX_LANGUAGE_STANDARD = "gnu++17";
				CLANG_CXX_LIBRARY = "libc++";
				CLANG_ENABLE_MODULES = YES;
				CLANG_ENABLE_OBJC_ARC = YES;
				CLANG_ENABLE_OBJC_WEAK = YES;
				CLANG_WARN_BLOCK_CAPTURE_AUTORELEASING = YES;
				CLANG_WARN_BOOL_CONVERSION = YES;
				CLANG_WARN_COMMA = YES;
				CLANG_WARN_CONSTANT_CONVERSION = YES;
				CLANG_WARN_DEPRECATED_OBJC_IMPLEMENTATIONS = YES;
				CLANG_WARN_DIRECT_OBJC_ISA_USAGE = YES_ERROR;
				CLANG_WARN_DOCUMENTATION_COMMENTS = YES;
				CLANG_WARN_EMPTY_BODY = YES;
				CLANG_WARN_ENUM_CONVERSION = YES;
				CLANG_WARN_INFINITE_RECURSION = YES;
				CLANG_WARN_INT_CONVERSION = YES;
				CLANG_WARN_NON_LITERAL_NULL_CONVERSION = YES;
				CLANG_WARN_OBJC_IMPLICIT_RETAIN_SELF = YES;
				CLANG_WARN_OBJC_LITERAL_CONVERSION = YES;
				CLANG_WARN_OBJC_ROOT_CLASS = YES_ERROR;
				CLANG_WARN_QUOTED_INCLUDE_IN_FRAMEWORK_HEADER = YES;
				CLANG_WARN_RANGE_LOOP_ANALYSIS = YES;
				CLANG_WARN_STRICT_PROTOTYPES = YES;
				CLANG_WARN_SUSPICIOUS_MOVE = YES;
				CLANG_WARN_UNGUARDED_AVAILABILITY = YES_AGGRESSIVE;
				CLANG_WARN_UNREACHABLE_CODE = YES;
				CLANG_WARN__DUPLICATE_METHOD_MATCH = YES;
				COPY_PHASE_STRIP = NO;
				DEBUG_INFORMATION_FORMAT = "dwarf-with-dsym";
				ENABLE_NS_ASSERTIONS = NO;
				ENABLE_STRICT_OBJC_MSGSEND = YES;
				GCC_C_LANGUAGE_STANDARD = gnu11;
				GCC_NO_COMMON_BLOCKS = YES;
				GCC_WARN_64_TO_32_BIT_CONVERSION = YES;
				GCC_WARN_ABOUT_RETURN_TYPE = YES_ERROR;
				GCC_WARN_UNDECLARED_SELECTOR = YES;
				GCC_WARN_UNINITIALIZED_AUTOS = YES_AGGRESSIVE;
				GCC_WARN_UNUSED_FUNCTION = YES;
				GCC_WARN_UNUSED_VARIABLE = YES;
				IPHONEOS_DEPLOYMENT_TARGET = 15.0;
				MTL_ENABLE_DEBUG_INFO = NO;
				MTL_FAST_MATH = YES;
				SDKROOT = iphoneos;
				SWIFT_COMPILATION_MODE = wholemodule;
				SWIFT_OPTIMIZATION_LEVEL = "-O";
				VALIDATE_PRODUCT = YES;
			};
			name = Release;
		};
		8999CDA727335E850051AE73 /* Debug */ = {
			isa = XCBuildConfiguration;
			buildSettings = {
				ASSETCATALOG_COMPILER_APPICON_NAME = AppIcon;
				ASSETCATALOG_COMPILER_GLOBAL_ACCENT_COLOR_NAME = AccentColor;
				CODE_SIGN_STYLE = Automatic;
				CURRENT_PROJECT_VERSION = 1;
				GENERATE_INFOPLIST_FILE = YES;
				INFOPLIST_FILE = Tetris/Info.plist;
				INFOPLIST_KEY_UIApplicationSupportsIndirectInputEvents = YES;
				INFOPLIST_KEY_UILaunchStoryboardName = LaunchScreen;
				INFOPLIST_KEY_UIMainStoryboardFile = Main;
				INFOPLIST_KEY_UISupportedInterfaceOrientations_iPad = "UIInterfaceOrientationPortrait UIInterfaceOrientationPortraitUpsideDown UIInterfaceOrientationLandscapeLeft UIInterfaceOrientationLandscapeRight";
				INFOPLIST_KEY_UISupportedInterfaceOrientations_iPhone = "UIInterfaceOrientationPortrait UIInterfaceOrientationLandscapeLeft UIInterfaceOrientationLandscapeRight";
				LD_RUNPATH_SEARCH_PATHS = (
					"$(inherited)",
					"@executable_path/Frameworks",
				);
				MARKETING_VERSION = 1.0;
				PRODUCT_BUNDLE_IDENTIFIER = com.tutorial.Tetris;
				PRODUCT_NAME = "$(TARGET_NAME)";
				SWIFT_EMIT_LOC_STRINGS = YES;
				SWIFT_VERSION = 5.0;
				TARGETED_DEVICE_FAMILY = "1,2";
			};
			name = Debug;
		};
		8999CDA827335E850051AE73 /* Release */ = {
			isa = XCBuildConfiguration;
			buildSettings = {
				ASSETCATALOG_COMPILER_APPICON_NAME = AppIcon;
				ASSETCATALOG_COMPILER_GLOBAL_ACCENT_COLOR_NAME = AccentColor;
				CODE_SIGN_STYLE = Automatic;
				CURRENT_PROJECT_VERSION = 1;
				GENERATE_INFOPLIST_FILE = YES;
				INFOPLIST_FILE = Tetris/Info.plist;
				INFOPLIST_KEY_UIApplicationSupportsIndirectInputEvents = YES;
				INFOPLIST_KEY_UILaunchStoryboardName = LaunchScreen;
				INFOPLIST_KEY_UIMainStoryboardFile = Main;
				INFOPLIST_KEY_UISupportedInterfaceOrientations_iPad = "UIInterfaceOrientationPortrait UIInterfaceOrientationPortraitUpsideDown UIInterfaceOrientationLandscapeLeft UIInterfaceOrientationLandscapeRight";
				INFOPLIST_KEY_UISupportedInterfaceOrientations_iPhone = "UIInterfaceOrientationPortrait UIInterfaceOrientationLandscapeLeft UIInterfaceOrientationLandscapeRight";
				LD_RUNPATH_SEARCH_PATHS = (
					"$(inherited)",
					"@executable_path/Frameworks",
				);
				MARKETING_VERSION = 1.0;
				PRODUCT_BUNDLE_IDENTIFIER = com.tutorial.Tetris;
				PRODUCT_NAME = "$(TARGET_NAME)";
				SWIFT_EMIT_LOC_STRINGS = YES;
				SWIFT_VERSION = 5.0;
				TARGETED_DEVICE_FAMILY = "1,2";
			};
			name = Release;
		};
		8999CDAA27335E850051AE73 /* Debug */ = {
			isa = XCBuildConfiguration;
			buildSettings = {
				ALWAYS_EMBED_SWIFT_STANDARD_LIBRARIES = YES;
				BUNDLE_LOADER = "$(TEST_HOST)";
				CODE_SIGN_STYLE = Automatic;
				CURRENT_PROJECT_VERSION = 1;
				GENERATE_INFOPLIST_FILE = YES;
				IPHONEOS_DEPLOYMENT_TARGET = 15.0;
				LD_RUNPATH_SEARCH_PATHS = (
					"$(inherited)",
					"@executable_path/Frameworks",
					"@loader_path/Frameworks",
				);
				MARKETING_VERSION = 1.0;
				PRODUCT_BUNDLE_IDENTIFIER = com.tutorial.TetrisTests;
				PRODUCT_NAME = "$(TARGET_NAME)";
				SWIFT_EMIT_LOC_STRINGS = NO;
				SWIFT_VERSION = 5.0;
				TARGETED_DEVICE_FAMILY = "1,2";
				TEST_HOST = "$(BUILT_PRODUCTS_DIR)/Tetris.app/Tetris";
			};
			name = Debug;
		};
		8999CDAB27335E850051AE73 /* Release */ = {
			isa = XCBuildConfiguration;
			buildSettings = {
				ALWAYS_EMBED_SWIFT_STANDARD_LIBRARIES = YES;
				BUNDLE_LOADER = "$(TEST_HOST)";
				CODE_SIGN_STYLE = Automatic;
				CURRENT_PROJECT_VERSION = 1;
				GENERATE_INFOPLIST_FILE = YES;
				IPHONEOS_DEPLOYMENT_TARGET = 15.0;
				LD_RUNPATH_SEARCH_PATHS = (
					"$(inherited)",
					"@executable_path/Frameworks",
					"@loader_path/Frameworks",
				);
				MARKETING_VERSION = 1.0;
				PRODUCT_BUNDLE_IDENTIFIER = com.tutorial.TetrisTests;
				PRODUCT_NAME = "$(TARGET_NAME)";
				SWIFT_EMIT_LOC_STRINGS = NO;
				SWIFT_VERSION = 5.0;
				TARGETED_DEVICE_FAMILY = "1,2";
				TEST_HOST = "$(BUILT_PRODUCTS_DIR)/Tetris.app/Tetris";
			};
			name = Release;
		};
		8999CDAD27335E850051AE73 /* Debug */ = {
			isa = XCBuildConfiguration;
			buildSettings = {
				ALWAYS_EMBED_SWIFT_STANDARD_LIBRARIES = YES;
				CODE_SIGN_STYLE = Automatic;
				CURRENT_PROJECT_VERSION = 1;
				GENERATE_INFOPLIST_FILE = YES;
				LD_RUNPATH_SEARCH_PATHS = (
					"$(inherited)",
					"@executable_path/Frameworks",
					"@loader_path/Frameworks",
				);
				MARKETING_VERSION = 1.0;
				PRODUCT_BUNDLE_IDENTIFIER = com.tutorial.TetrisUITests;
				PRODUCT_NAME = "$(TARGET_NAME)";
				SWIFT_EMIT_LOC_STRINGS = NO;
				SWIFT_VERSION = 5.0;
				TARGETED_DEVICE_FAMILY = "1,2";
				TEST_TARGET_NAME = Tetris;
			};
			name = Debug;
		};
		8999CDAE27335E850051AE73 /* Release */ = {
			isa = XCBuildConfiguration;
			buildSettings = {
				ALWAYS_EMBED_SWIFT_STANDARD_LIBRARIES = YES;
				CODE_SIGN_STYLE = Automatic;
				CURRENT_PROJECT_VERSION = 1;
				GENERATE_INFOPLIST_FILE = YES;
				LD_RUNPATH_SEARCH_PATHS = (
					"$(inherited)",
					"@executable_path/Frameworks",
					"@loader_path/Frameworks",
				);
				MARKETING_VERSION = 1.0;
				PRODUCT_BUNDLE_IDENTIFIER = com.tutorial.TetrisUITests;
				PRODUCT_NAME = "$(TARGET_NAME)";
				SWIFT_EMIT_LOC_STRINGS = NO;
				SWIFT_VERSION = 5.0;
				TARGETED_DEVICE_FAMILY = "1,2";
				TEST_TARGET_NAME = Tetris;
			};
			name = Release;
		};
/* End XCBuildConfiguration section */

/* Begin XCConfigurationList section */
		8999CD7727335E830051AE73 /* Build configuration list for PBXProject "Tetris" */ = {
			isa = XCConfigurationList;
			buildConfigurations = (
				8999CDA427335E850051AE73 /* Debug */,
				8999CDA527335E850051AE73 /* Release */,
			);
			defaultConfigurationIsVisible = 0;
			defaultConfigurationName = Release;
		};
		8999CDA627335E850051AE73 /* Build configuration list for PBXNativeTarget "Tetris" */ = {
			isa = XCConfigurationList;
			buildConfigurations = (
				8999CDA727335E850051AE73 /* Debug */,
				8999CDA827335E850051AE73 /* Release */,
			);
			defaultConfigurationIsVisible = 0;
			defaultConfigurationName = Release;
		};
		8999CDA927335E850051AE73 /* Build configuration list for PBXNativeTarget "TetrisTests" */ = {
			isa = XCConfigurationList;
			buildConfigurations = (
				8999CDAA27335E850051AE73 /* Debug */,
				8999CDAB27335E850051AE73 /* Release */,
			);
			defaultConfigurationIsVisible = 0;
			defaultConfigurationName = Release;
		};
		8999CDAC27335E850051AE73 /* Build configuration list for PBXNativeTarget "TetrisUITests" */ = {
			isa = XCConfigurationList;
			buildConfigurations = (
				8999CDAD27335E850051AE73 /* Debug */,
				8999CDAE27335E850051AE73 /* Release */,
			);
			defaultConfigurationIsVisible = 0;
			defaultConfigurationName = Release;
		};
/* End XCConfigurationList section */
	};
	rootObject = 8999CD7427335E830051AE73 /* Project object */;
}
